
Microsoft Visual Studio Solution File, Format Version 12.00
# Visual Studio Version 17
VisualStudioVersion = 17.1.32319.34
MinimumVisualStudioVersion = 10.0.40219.1
Project("{9A19103F-16F7-4668-BE54-9A1E7A4F7556}") = "CodeGeneratorForm", "CodeGeneratorForm\CodeGeneratorForm.csproj", "{73F59000-7823-4444-B171-0268C4C229E3}"
EndProject
Global
	GlobalSection(SolutionConfigurationPlatforms) = preSolution
		Debug|Any CPU = Debug|Any CPU
		Release|Any CPU = Release|Any CPU
	EndGlobalSection
	GlobalSection(ProjectConfigurationPlatforms) = postSolution
		{73F59000-7823-4444-B171-0268C4C229E3}.Debug|Any CPU.ActiveCfg = Debug|Any CPU
		{73F59000-7823-4444-B171-0268C4C229E3}.Debug|Any CPU.Build.0 = Debug|Any CPU
		{73F59000-7823-4444-B171-0268C4C229E3}.Release|Any CPU.ActiveCfg = Release|Any CPU
		{73F59000-7823-4444-B171-0268C4C229E3}.Release|Any CPU.Build.0 = Release|Any CPU
	EndGlobalSection
	GlobalSection(SolutionProperties) = preSolution
		HideSolutionNode = FALSE
	EndGlobalSection
	GlobalSection(ExtensibilityGlobals) = postSolution
		SolutionGuid = {67091E02-E3B7-4AF0-9E22-2719D08A0E4D}
	EndGlobalSection
EndGlobal
